
Microsoft Visual Studio Solution File, Format Version 12.00
# Visual Studio Version 17
VisualStudioVersion = 17.8.34408.163
MinimumVisualStudioVersion = 10.0.40219.1
Project("{FAE04EC0-301F-11D3-BF4B-00C04F79EFBC}") = "ASP.NET-store-project.Server", "ASP.NET-store-project.Server\ASP.NET-store-project.Server.csproj", "{62D6C295-217A-4FB8-9FEB-9736F67F43AA}"
EndProject
Project("{54A90642-561A-4BB1-A94E-469ADEE60C69}") = "asp.net-store-project.client", "asp.net-store-project.client\asp.net-store-project.client.esproj", "{79707A94-4D8B-44F0-B3D9-97822B48BE81}"
EndProject
Global
	GlobalSection(SolutionConfigurationPlatforms) = preSolution
		Debug|Any CPU = Debug|Any CPU
		Release|Any CPU = Release|Any CPU
	EndGlobalSection
	GlobalSection(ProjectConfigurationPlatforms) = postSolution
		{62D6C295-217A-4FB8-9FEB-9736F67F43AA}.Debug|Any CPU.ActiveCfg = Debug|Any CPU
		{62D6C295-217A-4FB8-9FEB-9736F67F43AA}.Debug|Any CPU.Build.0 = Debug|Any CPU
		{62D6C295-217A-4FB8-9FEB-9736F67F43AA}.Release|Any CPU.ActiveCfg = Release|Any CPU
		{62D6C295-217A-4FB8-9FEB-9736F67F43AA}.Release|Any CPU.Build.0 = Release|Any CPU
		{79707A94-4D8B-44F0-B3D9-97822B48BE81}.Debug|Any CPU.ActiveCfg = Debug|Any CPU
		{79707A94-4D8B-44F0-B3D9-97822B48BE81}.Debug|Any CPU.Build.0 = Debug|Any CPU
		{79707A94-4D8B-44F0-B3D9-97822B48BE81}.Debug|Any CPU.Deploy.0 = Debug|Any CPU
		{79707A94-4D8B-44F0-B3D9-97822B48BE81}.Release|Any CPU.ActiveCfg = Release|Any CPU
		{79707A94-4D8B-44F0-B3D9-97822B48BE81}.Release|Any CPU.Build.0 = Release|Any CPU
		{79707A94-4D8B-44F0-B3D9-97822B48BE81}.Release|Any CPU.Deploy.0 = Release|Any CPU
	EndGlobalSection
	GlobalSection(SolutionProperties) = preSolution
		HideSolutionNode = FALSE
	EndGlobalSection
	GlobalSection(ExtensibilityGlobals) = postSolution
		SolutionGuid = {4CF05876-E4ED-49F3-9D3E-22F136D53E9C}
	EndGlobalSection
EndGlobal
